
Microsoft Visual Studio Solution File, Format Version 12.00
# Visual Studio Version 16
VisualStudioVersion = 16.0.30711.63
MinimumVisualStudioVersion = 10.0.40219.1
Project("{FAE04EC0-301F-11D3-BF4B-00C04F79EFBC}") = "NUnitTestProject1", "NUnitTestProject1\NUnitTestProject1.csproj", "{0B51673A-880A-4121-99C3-01E07A3A09A2}"
EndProject
Global
	GlobalSection(SolutionConfigurationPlatforms) = preSolution
		Debug|Any CPU = Debug|Any CPU
		Release|Any CPU = Release|Any CPU
	EndGlobalSection
	GlobalSection(ProjectConfigurationPlatforms) = postSolution
		{0B51673A-880A-4121-99C3-01E07A3A09A2}.Debug|Any CPU.ActiveCfg = Debug|Any CPU
		{0B51673A-880A-4121-99C3-01E07A3A09A2}.Debug|Any CPU.Build.0 = Debug|Any CPU
		{0B51673A-880A-4121-99C3-01E07A3A09A2}.Release|Any CPU.ActiveCfg = Release|Any CPU
		{0B51673A-880A-4121-99C3-01E07A3A09A2}.Release|Any CPU.Build.0 = Release|Any CPU
	EndGlobalSection
	GlobalSection(SolutionProperties) = preSolution
		HideSolutionNode = FALSE
	EndGlobalSection
	GlobalSection(ExtensibilityGlobals) = postSolution
		SolutionGuid = {FA21515F-27AD-46BD-8261-6FE360F81877}
	EndGlobalSection
EndGlobal
